
Microsoft Visual Studio Solution File, Format Version 12.00
# Visual Studio Version 17
VisualStudioVersion = 17.9.34723.18
MinimumVisualStudioVersion = 10.0.40219.1
Project("{FAE04EC0-301F-11D3-BF4B-00C04F79EFBC}") = "PopNGo_BDD_Tests", "PopNGo_BDD_Tests.csproj", "{CA8C0B30-5E87-472B-8F72-72D512813501}"
EndProject
Global
	GlobalSection(SolutionConfigurationPlatforms) = preSolution
		Debug|Any CPU = Debug|Any CPU
		Release|Any CPU = Release|Any CPU
	EndGlobalSection
	GlobalSection(ProjectConfigurationPlatforms) = postSolution
		{CA8C0B30-5E87-472B-8F72-72D512813501}.Debug|Any CPU.ActiveCfg = Debug|Any CPU
		{CA8C0B30-5E87-472B-8F72-72D512813501}.Debug|Any CPU.Build.0 = Debug|Any CPU
		{CA8C0B30-5E87-472B-8F72-72D512813501}.Release|Any CPU.ActiveCfg = Release|Any CPU
		{CA8C0B30-5E87-472B-8F72-72D512813501}.Release|Any CPU.Build.0 = Release|Any CPU
	EndGlobalSection
	GlobalSection(SolutionProperties) = preSolution
		HideSolutionNode = FALSE
	EndGlobalSection
	GlobalSection(ExtensibilityGlobals) = postSolution
		SolutionGuid = {8846CADE-7479-4D82-8B4B-E917969A2449}
	EndGlobalSection
EndGlobal
