
Microsoft Visual Studio Solution File, Format Version 12.00
# Visual Studio Version 17
VisualStudioVersion = 17.0.31903.59
MinimumVisualStudioVersion = 10.0.40219.1
Project("{9A19103F-16F7-4668-BE54-9A1E7A4F7556}") = "PopNGo", "PopNGo\PopNGo.csproj", "{52078656-8F72-42B1-B7DC-53BFF6408D78}"
EndProject
Project("{9A19103F-16F7-4668-BE54-9A1E7A4F7556}") = "PopNGo_Tests", "PopNGo_Tests\PopNGo_Tests.csproj", "{F3B5CFF6-B8C8-4B65-9575-01AF4ECED42E}"
EndProject
Project("{9A19103F-16F7-4668-BE54-9A1E7A4F7556}") = "PopNGo_JSTests", "PopNGo_JSTests\PopNGo_JSTests.esproj", "{2128BD31-9DF5-45A6-836D-DF7E7446FDC9}"
EndProject
Project("{FAE04EC0-301F-11D3-BF4B-00C04F79EFBC}") = "PopNGo_BDD_Tests", "PopNGo_BDD_Tests\PopNGo_BDD_Tests.csproj", "{BA5C38ED-201C-4349-A05B-FF4D0085F0B3}"
EndProject
Global
	GlobalSection(SolutionConfigurationPlatforms) = preSolution
		Debug|Any CPU = Debug|Any CPU
		Release|Any CPU = Release|Any CPU
	EndGlobalSection
	GlobalSection(ProjectConfigurationPlatforms) = postSolution
		{52078656-8F72-42B1-B7DC-53BFF6408D78}.Debug|Any CPU.ActiveCfg = Debug|Any CPU
		{52078656-8F72-42B1-B7DC-53BFF6408D78}.Debug|Any CPU.Build.0 = Debug|Any CPU
		{52078656-8F72-42B1-B7DC-53BFF6408D78}.Release|Any CPU.ActiveCfg = Release|Any CPU
		{52078656-8F72-42B1-B7DC-53BFF6408D78}.Release|Any CPU.Build.0 = Release|Any CPU
		{F3B5CFF6-B8C8-4B65-9575-01AF4ECED42E}.Debug|Any CPU.ActiveCfg = Debug|Any CPU
		{F3B5CFF6-B8C8-4B65-9575-01AF4ECED42E}.Debug|Any CPU.Build.0 = Debug|Any CPU
		{F3B5CFF6-B8C8-4B65-9575-01AF4ECED42E}.Release|Any CPU.ActiveCfg = Release|Any CPU
		{F3B5CFF6-B8C8-4B65-9575-01AF4ECED42E}.Release|Any CPU.Build.0 = Release|Any CPU
		{2128BD31-9DF5-45A6-836D-DF7E7446FDC9}.Debug|Any CPU.ActiveCfg = Debug|Any CPU
		{2128BD31-9DF5-45A6-836D-DF7E7446FDC9}.Debug|Any CPU.Build.0 = Debug|Any CPU
		{2128BD31-9DF5-45A6-836D-DF7E7446FDC9}.Debug|Any CPU.Deploy.0 = Debug|Any CPU
		{2128BD31-9DF5-45A6-836D-DF7E7446FDC9}.Release|Any CPU.ActiveCfg = Release|Any CPU
		{2128BD31-9DF5-45A6-836D-DF7E7446FDC9}.Release|Any CPU.Build.0 = Release|Any CPU
		{2128BD31-9DF5-45A6-836D-DF7E7446FDC9}.Release|Any CPU.Deploy.0 = Release|Any CPU
		{BA5C38ED-201C-4349-A05B-FF4D0085F0B3}.Debug|Any CPU.ActiveCfg = Debug|Any CPU
		{BA5C38ED-201C-4349-A05B-FF4D0085F0B3}.Debug|Any CPU.Build.0 = Debug|Any CPU
		{BA5C38ED-201C-4349-A05B-FF4D0085F0B3}.Release|Any CPU.ActiveCfg = Release|Any CPU
		{BA5C38ED-201C-4349-A05B-FF4D0085F0B3}.Release|Any CPU.Build.0 = Release|Any CPU
	EndGlobalSection
	GlobalSection(SolutionProperties) = preSolution
		HideSolutionNode = FALSE
	EndGlobalSection
	GlobalSection(ExtensibilityGlobals) = postSolution
		SolutionGuid = {DB701385-2D3B-4687-9138-0EE1E58DF698}
	EndGlobalSection
EndGlobal
